PODS:
  - Alamofire (5.4.3)
  - FlagKit (2.2)
  - IQKeyboardManagerSwift (6.5.6)
  - RxCocoa (6.2.0):
    - RxRelay (= 6.2.0)
    - RxSwift (= 6.2.0)
  - RxRelay (6.2.0):
    - RxSwift (= 6.2.0)
  - RxSwift (6.2.0)
  - SwiftMessages (9.0.2):
    - SwiftMessages/App (= 9.0.2)
  - SwiftMessages/App (9.0.2)
  - Swinject (2.7.1)

DEPENDENCIES:
  - Alamofire
  - FlagKit
  - IQKeyboardManagerSwift
  - RxCocoa (= 6.2.0)
  - RxSwift (= 6.2.0)
  - SwiftMessages
  - Swinject

SPEC REPOS:
  trunk:
    - Alamofire
    - FlagKit
    - IQKeyboardManagerSwift
    - RxCocoa
    - RxRelay
    - RxSwift
    - SwiftMessages
    - Swinject

SPEC CHECKSUMS:
  Alamofire: e447a2774a40c996748296fa2c55112fdbbc42f9
  FlagKit: eca7dc89064b0c986302ba9acefad1bf80a435b1
  IQKeyboardManagerSwift: c7df9d2deb356c04522f5c4b7b6e4ce4d8ed94fe
  RxCocoa: 4baf94bb35f2c0ab31bc0cb9f1900155f646ba42
  RxRelay: e72dbfd157807478401ef1982e1c61c945c94b2f
  RxSwift: d356ab7bee873611322f134c5f9ef379fa183d8f
  SwiftMessages: 77b847d1405f99046ffbd0d856bc7d73e6892686
  Swinject: ddf78b8486dd9b71a667b852cad919ab4484478e

PODFILE CHECKSUM: 36ec59bfaa5069e0315217a5f9aacec9217e2ff3

COCOAPODS: 1.10.1
